
Microsoft Visual Studio Solution File, Format Version 12.00
# Visual Studio Version 17
VisualStudioVersion = 17.13.35931.197 d17.13
MinimumVisualStudioVersion = 10.0.40219.1
Project("{FAE04EC0-301F-11D3-BF4B-00C04F79EFBC}") = "E-CommerceProject", "E-CommerceProject.csproj", "{2610F0A2-F47A-4DEE-91A5-69054C08877D}"
EndProject
Global
	GlobalSection(SolutionConfigurationPlatforms) = preSolution
		Debug|Any CPU = Debug|Any CPU
		Release|Any CPU = Release|Any CPU
	EndGlobalSection
	GlobalSection(ProjectConfigurationPlatforms) = postSolution
		{2610F0A2-F47A-4DEE-91A5-69054C08877D}.Debug|Any CPU.ActiveCfg = Debug|Any CPU
		{2610F0A2-F47A-4DEE-91A5-69054C08877D}.Debug|Any CPU.Build.0 = Debug|Any CPU
		{2610F0A2-F47A-4DEE-91A5-69054C08877D}.Release|Any CPU.ActiveCfg = Release|Any CPU
		{2610F0A2-F47A-4DEE-91A5-69054C08877D}.Release|Any CPU.Build.0 = Release|Any CPU
	EndGlobalSection
	GlobalSection(SolutionProperties) = preSolution
		HideSolutionNode = FALSE
	EndGlobalSection
	GlobalSection(ExtensibilityGlobals) = postSolution
		SolutionGuid = {0277917B-8928-4E02-9918-093167591EE5}
	EndGlobalSection
EndGlobal
